
Microsoft Visual Studio Solution File, Format Version 12.00
# Visual Studio Version 17
VisualStudioVersion = 17.8.34601.278
MinimumVisualStudioVersion = 10.0.40219.1
Project("{8BC9CEB8-8B4A-11D0-8D11-00A0C91BC942}") = "Lab_12_assignment_1", "Lab_12_assignment_1.vcxproj", "{03F71F70-864B-4B35-8FB1-85700C019725}"
EndProject
Global
	GlobalSection(SolutionConfigurationPlatforms) = preSolution
		Debug|x64 = Debug|x64
		Debug|x86 = Debug|x86
		Release|x64 = Release|x64
		Release|x86 = Release|x86
	EndGlobalSection
	GlobalSection(ProjectConfigurationPlatforms) = postSolution
		{03F71F70-864B-4B35-8FB1-85700C019725}.Debug|x64.ActiveCfg = Debug|x64
		{03F71F70-864B-4B35-8FB1-85700C019725}.Debug|x64.Build.0 = Debug|x64
		{03F71F70-864B-4B35-8FB1-85700C019725}.Debug|x86.ActiveCfg = Debug|Win32
		{03F71F70-864B-4B35-8FB1-85700C019725}.Debug|x86.Build.0 = Debug|Win32
		{03F71F70-864B-4B35-8FB1-85700C019725}.Release|x64.ActiveCfg = Release|x64
		{03F71F70-864B-4B35-8FB1-85700C019725}.Release|x64.Build.0 = Release|x64
		{03F71F70-864B-4B35-8FB1-85700C019725}.Release|x86.ActiveCfg = Release|Win32
		{03F71F70-864B-4B35-8FB1-85700C019725}.Release|x86.Build.0 = Release|Win32
	EndGlobalSection
	GlobalSection(SolutionProperties) = preSolution
		HideSolutionNode = FALSE
	EndGlobalSection
	GlobalSection(ExtensibilityGlobals) = postSolution
		SolutionGuid = {00DCFDBA-6AC5-4916-8C02-0AF75C73D0B9}
	EndGlobalSection
EndGlobal
